<?xml version="1.0" encoding="utf-8"?>
<Project ToolsVersion="4.0" xmlns="http://schemas.microsoft.com/developer/msbuild/2003">
  <ItemGroup>
    <ClCompile Include="src\Application.cpp">
      <Filter>src\Main</Filter>
    </ClCompile>
    <ClCompile Include="src\Main.cpp">
      <Filter>src\Main</Filter>
    </ClCompile>
    <ClCompile Include="src\ModuleDebugDraw.cpp">
      <Filter>src\Module</Filter>
    </ClCompile>
    <ClCompile Include="src\ModuleEditor.cpp">
      <Filter>src\Module</Filter>
    </ClCompile>
    <ClCompile Include="src\ModuleEditorCamera.cpp">
      <Filter>src\Module</Filter>
    </ClCompile>
    <ClCompile Include="src\ModuleInput.cpp">
      <Filter>src\Module</Filter>
    </ClCompile>
    <ClCompile Include="src\ModuleModel.cpp">
      <Filter>src\Module</Filter>
    </ClCompile>
    <ClCompile Include="src\ModuleProgram.cpp">
      <Filter>src\Module</Filter>
    </ClCompile>
    <ClCompile Include="src\ModuleRenderExercise.cpp">
      <Filter>src\Module</Filter>
    </ClCompile>
    <ClCompile Include="src\ModuleTexture.cpp">
      <Filter>src\Module</Filter>
    </ClCompile>
    <ClCompile Include="src\ModuleWindow.cpp">
      <Filter>src\Module</Filter>
    </ClCompile>
    <ClCompile Include="src\log.cpp">
      <Filter>src\Utils</Filter>
    </ClCompile>
    <ClCompile Include="src\Libraries\ImGui\imgui.cpp">
      <Filter>Libraries\ImGui</Filter>
    </ClCompile>
    <ClCompile Include="src\Libraries\ImGui\imgui_demo.cpp">
      <Filter>Libraries\ImGui</Filter>
    </ClCompile>
    <ClCompile Include="src\Libraries\ImGui\imgui_draw.cpp">
      <Filter>Libraries\ImGui</Filter>
    </ClCompile>
    <ClCompile Include="src\Libraries\ImGui\imgui_impl_opengl3.cpp">
      <Filter>Libraries\ImGui</Filter>
    </ClCompile>
    <ClCompile Include="src\Libraries\ImGui\imgui_impl_sdl.cpp">
      <Filter>Libraries\ImGui</Filter>
    </ClCompile>
    <ClCompile Include="src\Libraries\ImGui\imgui_widgets.cpp">
      <Filter>Libraries\ImGui</Filter>
    </ClCompile>
    <ClCompile Include="src\Libraries\MathGeoLib\Algorithm\GJK.cpp">
      <Filter>Libraries\MathGeoLib\Algorithm</Filter>
    </ClCompile>
    <ClCompile Include="src\Libraries\MathGeoLib\Algorithm\GJK2D.cpp">
      <Filter>Libraries\MathGeoLib\Algorithm</Filter>
    </ClCompile>
    <ClCompile Include="src\Libraries\MathGeoLib\Algorithm\SAT.cpp">
      <Filter>Libraries\MathGeoLib\Algorithm</Filter>
    </ClCompile>
    <ClCompile Include="src\Libraries\MathGeoLib\Algorithm\Random\LCG.cpp">
      <Filter>Libraries\MathGeoLib\Algorithm\Random</Filter>
    </ClCompile>
    <ClCompile Include="src\Libraries\MathGeoLib\Geometry\Ray.cpp">
      <Filter>Libraries\MathGeoLib\Geometry</Filter>
    </ClCompile>
    <ClCompile Include="src\Libraries\MathGeoLib\Geometry\Sphere.cpp">
      <Filter>Libraries\MathGeoLib\Geometry</Filter>
    </ClCompile>
    <ClCompile Include="src\Libraries\MathGeoLib\Geometry\Triangle.cpp">
      <Filter>Libraries\MathGeoLib\Geometry</Filter>
    </ClCompile>
    <ClCompile Include="src\Libraries\MathGeoLib\Geometry\Triangle2D.cpp">
      <Filter>Libraries\MathGeoLib\Geometry</Filter>
    </ClCompile>
    <ClCompile Include="src\Libraries\MathGeoLib\Geometry\TriangleMesh.cpp">
      <Filter>Libraries\MathGeoLib\Geometry</Filter>
    </ClCompile>
    <ClCompile Include="src\Libraries\MathGeoLib\Geometry\AABB.cpp">
      <Filter>Libraries\MathGeoLib\Geometry</Filter>
    </ClCompile>
    <ClCompile Include="src\Libraries\MathGeoLib\Geometry\Capsule.cpp">
      <Filter>Libraries\MathGeoLib\Geometry</Filter>
    </ClCompile>
    <ClCompile Include="src\Libraries\MathGeoLib\Geometry\Circle.cpp">
      <Filter>Libraries\MathGeoLib\Geometry</Filter>
    </ClCompile>
    <ClCompile Include="src\Libraries\MathGeoLib\Geometry\Circle2D.cpp">
      <Filter>Libraries\MathGeoLib\Geometry</Filter>
    </ClCompile>
    <ClCompile Include="src\Libraries\MathGeoLib\Geometry\Frustum.cpp">
      <Filter>Libraries\MathGeoLib\Geometry</Filter>
    </ClCompile>
    <ClCompile Include="src\Libraries\MathGeoLib\Geometry\Line.cpp">
      <Filter>Libraries\MathGeoLib\Geometry</Filter>
    </ClCompile>
    <ClCompile Include="src\Libraries\MathGeoLib\Geometry\LineSegment.cpp">
      <Filter>Libraries\MathGeoLib\Geometry</Filter>
    </ClCompile>
    <ClCompile Include="src\Libraries\MathGeoLib\Geometry\LineSegment2D.cpp">
      <Filter>Libraries\MathGeoLib\Geometry</Filter>
    </ClCompile>
    <ClCompile Include="src\Libraries\MathGeoLib\Geometry\OBB.cpp">
      <Filter>Libraries\MathGeoLib\Geometry</Filter>
    </ClCompile>
    <ClCompile Include="src\Libraries\MathGeoLib\Geometry\PBVolume.cpp">
      <Filter>Libraries\MathGeoLib\Geometry</Filter>
    </ClCompile>
    <ClCompile Include="src\Libraries\MathGeoLib\Geometry\Plane.cpp">
      <Filter>Libraries\MathGeoLib\Geometry</Filter>
    </ClCompile>
    <ClCompile Include="src\Libraries\MathGeoLib\Geometry\Polygon.cpp">
      <Filter>Libraries\MathGeoLib\Geometry</Filter>
    </ClCompile>
    <ClCompile Include="src\Libraries\MathGeoLib\Geometry\Polyhedron.cpp">
      <Filter>Libraries\MathGeoLib\Geometry</Filter>
    </ClCompile>
    <ClCompile Include="src\Libraries\MathGeoLib\Math\Quat.cpp">
      <Filter>Libraries\MathGeoLib\Math</Filter>
    </ClCompile>
    <ClCompile Include="src\Libraries\MathGeoLib\Math\SSEMath.cpp">
      <Filter>Libraries\MathGeoLib\Math</Filter>
    </ClCompile>
    <ClCompile Include="src\Libraries\MathGeoLib\Math\TransformOps.cpp">
      <Filter>Libraries\MathGeoLib\Math</Filter>
    </ClCompile>
    <ClCompile Include="src\Libraries\MathGeoLib\Math\BitOps.cpp">
      <Filter>Libraries\MathGeoLib\Math</Filter>
    </ClCompile>
    <ClCompile Include="src\Libraries\MathGeoLib\Math\Callstack.cpp">
      <Filter>Libraries\MathGeoLib\Math</Filter>
    </ClCompile>
    <ClCompile Include="src\Libraries\MathGeoLib\Math\float2.cpp">
      <Filter>Libraries\MathGeoLib\Math</Filter>
    </ClCompile>
    <ClCompile Include="src\Libraries\MathGeoLib\Math\float3.cpp">
      <Filter>Libraries\MathGeoLib\Math</Filter>
    </ClCompile>
    <ClCompile Include="src\Libraries\MathGeoLib\Math\float3x3.cpp">
      <Filter>Libraries\MathGeoLib\Math</Filter>
    </ClCompile>
    <ClCompile Include="src\Libraries\MathGeoLib\Math\float3x4.cpp">
      <Filter>Libraries\MathGeoLib\Math</Filter>
    </ClCompile>
    <ClCompile Include="src\Libraries\MathGeoLib\Math\float4.cpp">
      <Filter>Libraries\MathGeoLib\Math</Filter>
    </ClCompile>
    <ClCompile Include="src\Libraries\MathGeoLib\Math\float4d.cpp">
      <Filter>Libraries\MathGeoLib\Math</Filter>
    </ClCompile>
    <ClCompile Include="src\Libraries\MathGeoLib\Math\float4x4.cpp">
      <Filter>Libraries\MathGeoLib\Math</Filter>
    </ClCompile>
    <ClCompile Include="src\Libraries\MathGeoLib\Math\grisu3.c">
      <Filter>Libraries\MathGeoLib\Math</Filter>
    </ClCompile>
    <ClCompile Include="src\Libraries\MathGeoLib\Math\grisu3_cpp.cpp">
      <Filter>Libraries\MathGeoLib\Math</Filter>
    </ClCompile>
    <ClCompile Include="src\Libraries\MathGeoLib\Math\MathFunc.cpp">
      <Filter>Libraries\MathGeoLib\Math</Filter>
    </ClCompile>
    <ClCompile Include="src\Libraries\MathGeoLib\Math\MathLog.cpp">
      <Filter>Libraries\MathGeoLib\Math</Filter>
    </ClCompile>
    <ClCompile Include="src\Libraries\MathGeoLib\Math\MathOps.cpp">
      <Filter>Libraries\MathGeoLib\Math</Filter>
    </ClCompile>
    <ClCompile Include="src\Libraries\MathGeoLib\Math\MiniFloat.cpp">
      <Filter>Libraries\MathGeoLib\Math</Filter>
    </ClCompile>
    <ClCompile Include="src\Libraries\MathGeoLib\Math\Polynomial.cpp">
      <Filter>Libraries\MathGeoLib\Math</Filter>
    </ClCompile>
    <ClCompile Include="src\Libraries\MathGeoLib\Time\Clock.cpp">
      <Filter>Libraries\MathGeoLib\Time</Filter>
    </ClCompile>
    <ClCompile Include="src\Mesh.cpp">
      <Filter>src</Filter>
    </ClCompile>
    <ClCompile Include="src\Component.cpp">
      <Filter>src</Filter>
    </ClCompile>
    <ClCompile Include="src\GameObject.cpp">
      <Filter>src</Filter>
    </ClCompile>
    <ClCompile Include="src\ModuleScene.cpp">
      <Filter>src\Module</Filter>
    </ClCompile>
    <ClCompile Include="src\Transform.cpp">
      <Filter>src</Filter>
    </ClCompile>
  </ItemGroup>
  <ItemGroup>
    <ClInclude Include="src\Application.h">
      <Filter>src\Main</Filter>
    </ClInclude>
    <ClInclude Include="src\Globals.h">
      <Filter>src\Main</Filter>
    </ClInclude>
    <ClInclude Include="src\Module.h">
      <Filter>src\Module</Filter>
    </ClInclude>
    <ClInclude Include="src\ModuleDebugDraw.h">
      <Filter>src\Module</Filter>
    </ClInclude>
    <ClInclude Include="src\ModuleEditor.h">
      <Filter>src\Module</Filter>
    </ClInclude>
    <ClInclude Include="src\ModuleEditorCamera.h">
      <Filter>src\Module</Filter>
    </ClInclude>
    <ClInclude Include="src\ModuleInput.h">
      <Filter>src\Module</Filter>
    </ClInclude>
    <ClInclude Include="src\ModuleModel.h">
      <Filter>src\Module</Filter>
    </ClInclude>
    <ClInclude Include="src\ModuleProgram.h">
      <Filter>src\Module</Filter>
    </ClInclude>
    <ClInclude Include="src\ModuleRenderExercise.h">
      <Filter>src\Module</Filter>
    </ClInclude>
    <ClInclude Include="src\ModuleTexture.h">
      <Filter>src\Module</Filter>
    </ClInclude>
    <ClInclude Include="src\ModuleWindow.h">
      <Filter>src\Module</Filter>
    </ClInclude>
    <ClInclude Include="src\DebugLeaks.h">
      <Filter>src\Utils</Filter>
    </ClInclude>
    <ClInclude Include="src\Point.h">
      <Filter>src\Utils</Filter>
    </ClInclude>
    <ClInclude Include="src\Libraries\Assimp\include\assimp\aabb.h">
      <Filter>Libraries\Assimp\include\assimp</Filter>
    </ClInclude>
    <ClInclude Include="src\Libraries\Assimp\include\assimp\ai_assert.h">
      <Filter>Libraries\Assimp\include\assimp</Filter>
    </ClInclude>
    <ClInclude Include="src\Libraries\Assimp\include\assimp\anim.h">
      <Filter>Libraries\Assimp\include\assimp</Filter>
    </ClInclude>
    <ClInclude Include="src\Libraries\Assimp\include\assimp\BaseImporter.h">
      <Filter>Libraries\Assimp\include\assimp</Filter>
    </ClInclude>
    <ClInclude Include="src\Libraries\Assimp\include\assimp\Bitmap.h">
      <Filter>Libraries\Assimp\include\assimp</Filter>
    </ClInclude>
    <ClInclude Include="src\Libraries\Assimp\include\assimp\BlobIOSystem.h">
      <Filter>Libraries\Assimp\include\assimp</Filter>
    </ClInclude>
    <ClInclude Include="src\Libraries\Assimp\include\assimp\ByteSwapper.h">
      <Filter>Libraries\Assimp\include\assimp</Filter>
    </ClInclude>
    <ClInclude Include="src\Libraries\Assimp\include\assimp\camera.h">
      <Filter>Libraries\Assimp\include\assimp</Filter>
    </ClInclude>
    <ClInclude Include="src\Libraries\Assimp\include\assimp\cexport.h">
      <Filter>Libraries\Assimp\include\assimp</Filter>
    </ClInclude>
    <ClInclude Include="src\Libraries\Assimp\include\assimp\cfileio.h">
      <Filter>Libraries\Assimp\include\assimp</Filter>
    </ClInclude>
    <ClInclude Include="src\Libraries\Assimp\include\assimp\cimport.h">
      <Filter>Libraries\Assimp\include\assimp</Filter>
    </ClInclude>
    <ClInclude Include="src\Libraries\Assimp\include\assimp\color4.h">
      <Filter>Libraries\Assimp\include\assimp</Filter>
    </ClInclude>
    <ClInclude Include="src\Libraries\Assimp\include\assimp\config.h">
      <Filter>Libraries\Assimp\include\assimp</Filter>
    </ClInclude>
    <ClInclude Include="src\Libraries\Assimp\include\assimp\CreateAnimMesh.h">
      <Filter>Libraries\Assimp\include\assimp</Filter>
    </ClInclude>
    <ClInclude Include="src\Libraries\Assimp\include\assimp\DefaultIOStream.h">
      <Filter>Libraries\Assimp\include\assimp</Filter>
    </ClInclude>
    <ClInclude Include="src\Libraries\Assimp\include\assimp\DefaultIOSystem.h">
      <Filter>Libraries\Assimp\include\assimp</Filter>
    </ClInclude>
    <ClInclude Include="src\Libraries\Assimp\include\assimp\DefaultLogger.hpp">
      <Filter>Libraries\Assimp\include\assimp</Filter>
    </ClInclude>
    <ClInclude Include="src\Libraries\Assimp\include\assimp\Defines.h">
      <Filter>Libraries\Assimp\include\assimp</Filter>
    </ClInclude>
    <ClInclude Include="src\Libraries\Assimp\include\assimp\defs.h">
      <Filter>Libraries\Assimp\include\assimp</Filter>
    </ClInclude>
    <ClInclude Include="src\Libraries\Assimp\include\assimp\Exceptional.h">
      <Filter>Libraries\Assimp\include\assimp</Filter>
    </ClInclude>
    <ClInclude Include="src\Libraries\Assimp\include\assimp\Exporter.hpp">
      <Filter>Libraries\Assimp\include\assimp</Filter>
    </ClInclude>
    <ClInclude Include="src\Libraries\Assimp\include\assimp\fast_atof.h">
      <Filter>Libraries\Assimp\include\assimp</Filter>
    </ClInclude>
    <ClInclude Include="src\Libraries\Assimp\include\assimp\GenericProperty.h">
      <Filter>Libraries\Assimp\include\assimp</Filter>
    </ClInclude>
    <ClInclude Include="src\Libraries\Assimp\include\assimp\Hash.h">
      <Filter>Libraries\Assimp\include\assimp</Filter>
    </ClInclude>
    <ClInclude Include="src\Libraries\Assimp\include\assimp\Importer.hpp">
      <Filter>Libraries\Assimp\include\assimp</Filter>
    </ClInclude>
    <ClInclude Include="src\Libraries\Assimp\include\assimp\importerdesc.h">
      <Filter>Libraries\Assimp\include\assimp</Filter>
    </ClInclude>
    <ClInclude Include="src\Libraries\Assimp\include\assimp\IOStream.hpp">
      <Filter>Libraries\Assimp\include\assimp</Filter>
    </ClInclude>
    <ClInclude Include="src\Libraries\Assimp\include\assimp\IOStreamBuffer.h">
      <Filter>Libraries\Assimp\include\assimp</Filter>
    </ClInclude>
    <ClInclude Include="src\Libraries\Assimp\include\assimp\IOSystem.hpp">
      <Filter>Libraries\Assimp\include\assimp</Filter>
    </ClInclude>
    <ClInclude Include="src\Libraries\Assimp\include\assimp\irrXMLWrapper.h">
      <Filter>Libraries\Assimp\include\assimp</Filter>
    </ClInclude>
    <ClInclude Include="src\Libraries\Assimp\include\assimp\light.h">
      <Filter>Libraries\Assimp\include\assimp</Filter>
    </ClInclude>
    <ClInclude Include="src\Libraries\Assimp\include\assimp\LineSplitter.h">
      <Filter>Libraries\Assimp\include\assimp</Filter>
    </ClInclude>
    <ClInclude Include="src\Libraries\Assimp\include\assimp\LogAux.h">
      <Filter>Libraries\Assimp\include\assimp</Filter>
    </ClInclude>
    <ClInclude Include="src\Libraries\Assimp\include\assimp\Logger.hpp">
      <Filter>Libraries\Assimp\include\assimp</Filter>
    </ClInclude>
    <ClInclude Include="src\Libraries\Assimp\include\assimp\LogStream.hpp">
      <Filter>Libraries\Assimp\include\assimp</Filter>
    </ClInclude>
    <ClInclude Include="src\Libraries\Assimp\include\assimp\Macros.h">
      <Filter>Libraries\Assimp\include\assimp</Filter>
    </ClInclude>
    <ClInclude Include="src\Libraries\Assimp\include\assimp\material.h">
      <Filter>Libraries\Assimp\include\assimp</Filter>
    </ClInclude>
    <ClInclude Include="src\Libraries\Assimp\include\assimp\MathFunctions.h">
      <Filter>Libraries\Assimp\include\assimp</Filter>
    </ClInclude>
    <ClInclude Include="src\Libraries\Assimp\include\assimp\matrix3x3.h">
      <Filter>Libraries\Assimp\include\assimp</Filter>
    </ClInclude>
    <ClInclude Include="src\Libraries\Assimp\include\assimp\matrix4x4.h">
      <Filter>Libraries\Assimp\include\assimp</Filter>
    </ClInclude>
    <ClInclude Include="src\Libraries\Assimp\include\assimp\MemoryIOWrapper.h">
      <Filter>Libraries\Assimp\include\assimp</Filter>
    </ClInclude>
    <ClInclude Include="src\Libraries\Assimp\include\assimp\mesh.h">
      <Filter>Libraries\Assimp\include\assimp</Filter>
    </ClInclude>
    <ClInclude Include="src\Libraries\Assimp\include\assimp\metadata.h">
      <Filter>Libraries\Assimp\include\assimp</Filter>
    </ClInclude>
    <ClInclude Include="src\Libraries\Assimp\include\assimp\NullLogger.hpp">
      <Filter>Libraries\Assimp\include\assimp</Filter>
    </ClInclude>
    <ClInclude Include="src\Libraries\Assimp\include\assimp\ParsingUtils.h">
      <Filter>Libraries\Assimp\include\assimp</Filter>
    </ClInclude>
    <ClInclude Include="src\Libraries\Assimp\include\assimp\pbrmaterial.h">
      <Filter>Libraries\Assimp\include\assimp</Filter>
    </ClInclude>
    <ClInclude Include="src\Libraries\Assimp\include\assimp\postprocess.h">
      <Filter>Libraries\Assimp\include\assimp</Filter>
    </ClInclude>
    <ClInclude Include="src\Libraries\Assimp\include\assimp\Profiler.h">
      <Filter>Libraries\Assimp\include\assimp</Filter>
    </ClInclude>
    <ClInclude Include="src\Libraries\Assimp\include\assimp\ProgressHandler.hpp">
      <Filter>Libraries\Assimp\include\assimp</Filter>
    </ClInclude>
    <ClInclude Include="src\Libraries\Assimp\include\assimp\qnan.h">
      <Filter>Libraries\Assimp\include\assimp</Filter>
    </ClInclude>
    <ClInclude Include="src\Libraries\Assimp\include\assimp\quaternion.h">
      <Filter>Libraries\Assimp\include\assimp</Filter>
    </ClInclude>
    <ClInclude Include="src\Libraries\Assimp\include\assimp\RemoveComments.h">
      <Filter>Libraries\Assimp\include\assimp</Filter>
    </ClInclude>
    <ClInclude Include="src\Libraries\Assimp\include\assimp\scene.h">
      <Filter>Libraries\Assimp\include\assimp</Filter>
    </ClInclude>
    <ClInclude Include="src\Libraries\Assimp\include\assimp\SceneCombiner.h">
      <Filter>Libraries\Assimp\include\assimp</Filter>
    </ClInclude>
    <ClInclude Include="src\Libraries\Assimp\include\assimp\SGSpatialSort.h">
      <Filter>Libraries\Assimp\include\assimp</Filter>
    </ClInclude>
    <ClInclude Include="src\Libraries\Assimp\include\assimp\SkeletonMeshBuilder.h">
      <Filter>Libraries\Assimp\include\assimp</Filter>
    </ClInclude>
    <ClInclude Include="src\Libraries\Assimp\include\assimp\SmoothingGroups.h">
      <Filter>Libraries\Assimp\include\assimp</Filter>
    </ClInclude>
    <ClInclude Include="src\Libraries\Assimp\include\assimp\SpatialSort.h">
      <Filter>Libraries\Assimp\include\assimp</Filter>
    </ClInclude>
    <ClInclude Include="src\Libraries\Assimp\include\assimp\StandardShapes.h">
      <Filter>Libraries\Assimp\include\assimp</Filter>
    </ClInclude>
    <ClInclude Include="src\Libraries\Assimp\include\assimp\StreamReader.h">
      <Filter>Libraries\Assimp\include\assimp</Filter>
    </ClInclude>
    <ClInclude Include="src\Libraries\Assimp\include\assimp\StreamWriter.h">
      <Filter>Libraries\Assimp\include\assimp</Filter>
    </ClInclude>
    <ClInclude Include="src\Libraries\Assimp\include\assimp\StringComparison.h">
      <Filter>Libraries\Assimp\include\assimp</Filter>
    </ClInclude>
    <ClInclude Include="src\Libraries\Assimp\include\assimp\StringUtils.h">
      <Filter>Libraries\Assimp\include\assimp</Filter>
    </ClInclude>
    <ClInclude Include="src\Libraries\Assimp\include\assimp\Subdivision.h">
      <Filter>Libraries\Assimp\include\assimp</Filter>
    </ClInclude>
    <ClInclude Include="src\Libraries\Assimp\include\assimp\texture.h">
      <Filter>Libraries\Assimp\include\assimp</Filter>
    </ClInclude>
    <ClInclude Include="src\Libraries\Assimp\include\assimp\TinyFormatter.h">
      <Filter>Libraries\Assimp\include\assimp</Filter>
    </ClInclude>
    <ClInclude Include="src\Libraries\Assimp\include\assimp\types.h">
      <Filter>Libraries\Assimp\include\assimp</Filter>
    </ClInclude>
    <ClInclude Include="src\Libraries\Assimp\include\assimp\vector2.h">
      <Filter>Libraries\Assimp\include\assimp</Filter>
    </ClInclude>
    <ClInclude Include="src\Libraries\Assimp\include\assimp\vector3.h">
      <Filter>Libraries\Assimp\include\assimp</Filter>
    </ClInclude>
    <ClInclude Include="src\Libraries\Assimp\include\assimp\version.h">
      <Filter>Libraries\Assimp\include\assimp</Filter>
    </ClInclude>
    <ClInclude Include="src\Libraries\Assimp\include\assimp\Vertex.h">
      <Filter>Libraries\Assimp\include\assimp</Filter>
    </ClInclude>
    <ClInclude Include="src\Libraries\Assimp\include\assimp\XMLTools.h">
      <Filter>Libraries\Assimp\include\assimp</Filter>
    </ClInclude>
    <ClInclude Include="src\Libraries\Assimp\include\assimp\ZipArchiveIOSystem.h">
      <Filter>Libraries\Assimp\include\assimp</Filter>
    </ClInclude>
    <ClInclude Include="src\Libraries\Assimp\include\assimp\Compiler\poppack1.h">
      <Filter>Libraries\Assimp\include\assimp\Compiler</Filter>
    </ClInclude>
    <ClInclude Include="src\Libraries\Assimp\include\assimp\Compiler\pstdint.h">
      <Filter>Libraries\Assimp\include\assimp\Compiler</Filter>
    </ClInclude>
    <ClInclude Include="src\Libraries\Assimp\include\assimp\Compiler\pushpack1.h">
      <Filter>Libraries\Assimp\include\assimp\Compiler</Filter>
    </ClInclude>
    <ClInclude Include="src\Libraries\DevIL-SDK\include\IL\devil_cpp_wrapper.hpp">
      <Filter>Libraries\DevIL</Filter>
    </ClInclude>
    <ClInclude Include="src\Libraries\DevIL-SDK\include\IL\devil_internal_exports.h">
      <Filter>Libraries\DevIL</Filter>
    </ClInclude>
    <ClInclude Include="src\Libraries\DevIL-SDK\include\IL\il.h">
      <Filter>Libraries\DevIL</Filter>
    </ClInclude>
    <ClInclude Include="src\Libraries\DevIL-SDK\include\IL\il_wrap.h">
      <Filter>Libraries\DevIL</Filter>
    </ClInclude>
    <ClInclude Include="src\Libraries\DevIL-SDK\include\IL\ilu.h">
      <Filter>Libraries\DevIL</Filter>
    </ClInclude>
    <ClInclude Include="src\Libraries\DevIL-SDK\include\IL\ilu_region.h">
      <Filter>Libraries\DevIL</Filter>
    </ClInclude>
    <ClInclude Include="src\Libraries\DevIL-SDK\include\IL\ilut.h">
      <Filter>Libraries\DevIL</Filter>
    </ClInclude>
    <ClInclude Include="src\Libraries\DevIL-SDK\include\IL\ilut_config.h">
      <Filter>Libraries\DevIL</Filter>
    </ClInclude>
    <ClInclude Include="src\Libraries\ImGui\imconfig.h">
      <Filter>Libraries\ImGui</Filter>
    </ClInclude>
    <ClInclude Include="src\Libraries\ImGui\imgui.h">
      <Filter>Libraries\ImGui</Filter>
    </ClInclude>
    <ClInclude Include="src\Libraries\ImGui\imgui_impl_opengl3.h">
      <Filter>Libraries\ImGui</Filter>
    </ClInclude>
    <ClInclude Include="src\Libraries\ImGui\imgui_impl_sdl.h">
      <Filter>Libraries\ImGui</Filter>
    </ClInclude>
    <ClInclude Include="src\Libraries\ImGui\imgui_internal.h">
      <Filter>Libraries\ImGui</Filter>
    </ClInclude>
    <ClInclude Include="src\Libraries\ImGui\imstb_rectpack.h">
      <Filter>Libraries\ImGui</Filter>
    </ClInclude>
    <ClInclude Include="src\Libraries\ImGui\imstb_textedit.h">
      <Filter>Libraries\ImGui</Filter>
    </ClInclude>
    <ClInclude Include="src\Libraries\ImGui\imstb_truetype.h">
      <Filter>Libraries\ImGui</Filter>
    </ClInclude>
    <ClInclude Include="src\Libraries\MathGeoLib\MathBuildConfig.h">
      <Filter>Libraries\MathGeoLib</Filter>
    </ClInclude>
    <ClInclude Include="src\Libraries\MathGeoLib\MathGeoLib.h">
      <Filter>Libraries\MathGeoLib</Filter>
    </ClInclude>
    <ClInclude Include="src\Libraries\MathGeoLib\MathGeoLibFwd.h">
      <Filter>Libraries\MathGeoLib</Filter>
    </ClInclude>
    <ClInclude Include="src\Libraries\MathGeoLib\Algorithm\GJK.h">
      <Filter>Libraries\MathGeoLib\Algorithm</Filter>
    </ClInclude>
    <ClInclude Include="src\Libraries\MathGeoLib\Algorithm\GJK2D.h">
      <Filter>Libraries\MathGeoLib\Algorithm</Filter>
    </ClInclude>
    <ClInclude Include="src\Libraries\MathGeoLib\Algorithm\SAT.h">
      <Filter>Libraries\MathGeoLib\Algorithm</Filter>
    </ClInclude>
    <ClInclude Include="src\Libraries\MathGeoLib\Algorithm\Random\LCG.h">
      <Filter>Libraries\MathGeoLib\Algorithm\Random</Filter>
    </ClInclude>
    <ClInclude Include="src\Libraries\MathGeoLib\emscripten\library_system.h">
      <Filter>Libraries\MathGeoLib\emscripten</Filter>
    </ClInclude>
    <ClInclude Include="src\Libraries\MathGeoLib\Geometry\Ray.h">
      <Filter>Libraries\MathGeoLib\Geometry</Filter>
    </ClInclude>
    <ClInclude Include="src\Libraries\MathGeoLib\Geometry\Sphere.h">
      <Filter>Libraries\MathGeoLib\Geometry</Filter>
    </ClInclude>
    <ClInclude Include="src\Libraries\MathGeoLib\Geometry\Triangle.h">
      <Filter>Libraries\MathGeoLib\Geometry</Filter>
    </ClInclude>
    <ClInclude Include="src\Libraries\MathGeoLib\Geometry\Triangle2D.h">
      <Filter>Libraries\MathGeoLib\Geometry</Filter>
    </ClInclude>
    <ClInclude Include="src\Libraries\MathGeoLib\Geometry\TriangleMesh.h">
      <Filter>Libraries\MathGeoLib\Geometry</Filter>
    </ClInclude>
    <ClInclude Include="src\Libraries\MathGeoLib\Geometry\AABB.h">
      <Filter>Libraries\MathGeoLib\Geometry</Filter>
    </ClInclude>
    <ClInclude Include="src\Libraries\MathGeoLib\Geometry\AABB2D.h">
      <Filter>Libraries\MathGeoLib\Geometry</Filter>
    </ClInclude>
    <ClInclude Include="src\Libraries\MathGeoLib\Geometry\Capsule.h">
      <Filter>Libraries\MathGeoLib\Geometry</Filter>
    </ClInclude>
    <ClInclude Include="src\Libraries\MathGeoLib\Geometry\Circle.h">
      <Filter>Libraries\MathGeoLib\Geometry</Filter>
    </ClInclude>
    <ClInclude Include="src\Libraries\MathGeoLib\Geometry\Circle2D.h">
      <Filter>Libraries\MathGeoLib\Geometry</Filter>
    </ClInclude>
    <ClInclude Include="src\Libraries\MathGeoLib\Geometry\Frustum.h">
      <Filter>Libraries\MathGeoLib\Geometry</Filter>
    </ClInclude>
    <ClInclude Include="src\Libraries\MathGeoLib\Geometry\GeometryAll.h">
      <Filter>Libraries\MathGeoLib\Geometry</Filter>
    </ClInclude>
    <ClInclude Include="src\Libraries\MathGeoLib\Geometry\GeomType.h">
      <Filter>Libraries\MathGeoLib\Geometry</Filter>
    </ClInclude>
    <ClInclude Include="src\Libraries\MathGeoLib\Geometry\HitInfo.h">
      <Filter>Libraries\MathGeoLib\Geometry</Filter>
    </ClInclude>
    <ClInclude Include="src\Libraries\MathGeoLib\Geometry\KDTree.h">
      <Filter>Libraries\MathGeoLib\Geometry</Filter>
    </ClInclude>
    <ClInclude Include="src\Libraries\MathGeoLib\Geometry\Line.h">
      <Filter>Libraries\MathGeoLib\Geometry</Filter>
    </ClInclude>
    <ClInclude Include="src\Libraries\MathGeoLib\Geometry\LineSegment.h">
      <Filter>Libraries\MathGeoLib\Geometry</Filter>
    </ClInclude>
    <ClInclude Include="src\Libraries\MathGeoLib\Geometry\LineSegment2D.h">
      <Filter>Libraries\MathGeoLib\Geometry</Filter>
    </ClInclude>
    <ClInclude Include="src\Libraries\MathGeoLib\Geometry\OBB.h">
      <Filter>Libraries\MathGeoLib\Geometry</Filter>
    </ClInclude>
    <ClInclude Include="src\Libraries\MathGeoLib\Geometry\OBB2D.h">
      <Filter>Libraries\MathGeoLib\Geometry</Filter>
    </ClInclude>
    <ClInclude Include="src\Libraries\MathGeoLib\Geometry\PBVolume.h">
      <Filter>Libraries\MathGeoLib\Geometry</Filter>
    </ClInclude>
    <ClInclude Include="src\Libraries\MathGeoLib\Geometry\Plane.h">
      <Filter>Libraries\MathGeoLib\Geometry</Filter>
    </ClInclude>
    <ClInclude Include="src\Libraries\MathGeoLib\Geometry\Polygon.h">
      <Filter>Libraries\MathGeoLib\Geometry</Filter>
    </ClInclude>
    <ClInclude Include="src\Libraries\MathGeoLib\Geometry\Polygon2DRef.h">
      <Filter>Libraries\MathGeoLib\Geometry</Filter>
    </ClInclude>
    <ClInclude Include="src\Libraries\MathGeoLib\Geometry\Polyhedron.h">
      <Filter>Libraries\MathGeoLib\Geometry</Filter>
    </ClInclude>
    <ClInclude Include="src\Libraries\MathGeoLib\Geometry\QuadTree.h">
      <Filter>Libraries\MathGeoLib\Geometry</Filter>
    </ClInclude>
    <ClInclude Include="src\Libraries\MathGeoLib\Math\Polynomial.h">
      <Filter>Libraries\MathGeoLib\Math</Filter>
    </ClInclude>
    <ClInclude Include="src\Libraries\MathGeoLib\Math\Quat.h">
      <Filter>Libraries\MathGeoLib\Math</Filter>
    </ClInclude>
    <ClInclude Include="src\Libraries\MathGeoLib\Math\quat_simd.h">
      <Filter>Libraries\MathGeoLib\Math</Filter>
    </ClInclude>
    <ClInclude Include="src\Libraries\MathGeoLib\Math\Rect.h">
      <Filter>Libraries\MathGeoLib\Math</Filter>
    </ClInclude>
    <ClInclude Include="src\Libraries\MathGeoLib\Math\Reinterpret.h">
      <Filter>Libraries\MathGeoLib\Math</Filter>
    </ClInclude>
    <ClInclude Include="src\Libraries\MathGeoLib\Math\simd.h">
      <Filter>Libraries\MathGeoLib\Math</Filter>
    </ClInclude>
    <ClInclude Include="src\Libraries\MathGeoLib\Math\sse_mathfun.h">
      <Filter>Libraries\MathGeoLib\Math</Filter>
    </ClInclude>
    <ClInclude Include="src\Libraries\MathGeoLib\Math\SSEMath.h">
      <Filter>Libraries\MathGeoLib\Math</Filter>
    </ClInclude>
    <ClInclude Include="src\Libraries\MathGeoLib\Math\Swap.h">
      <Filter>Libraries\MathGeoLib\Math</Filter>
    </ClInclude>
    <ClInclude Include="src\Libraries\MathGeoLib\Math\TransformOps.h">
      <Filter>Libraries\MathGeoLib\Math</Filter>
    </ClInclude>
    <ClInclude Include="src\Libraries\MathGeoLib\Math\vec2d.h">
      <Filter>Libraries\MathGeoLib\Math</Filter>
    </ClInclude>
    <ClInclude Include="src\Libraries\MathGeoLib\Math\assume.h">
      <Filter>Libraries\MathGeoLib\Math</Filter>
    </ClInclude>
    <ClInclude Include="src\Libraries\MathGeoLib\Math\BitFuncs.h">
      <Filter>Libraries\MathGeoLib\Math</Filter>
    </ClInclude>
    <ClInclude Include="src\Libraries\MathGeoLib\Math\BitOps.h">
      <Filter>Libraries\MathGeoLib\Math</Filter>
    </ClInclude>
    <ClInclude Include="src\Libraries\MathGeoLib\Math\Callstack.h">
      <Filter>Libraries\MathGeoLib\Math</Filter>
    </ClInclude>
    <ClInclude Include="src\Libraries\MathGeoLib\Math\FixedPoint.h">
      <Filter>Libraries\MathGeoLib\Math</Filter>
    </ClInclude>
    <ClInclude Include="src\Libraries\MathGeoLib\Math\float2.h">
      <Filter>Libraries\MathGeoLib\Math</Filter>
    </ClInclude>
    <ClInclude Include="src\Libraries\MathGeoLib\Math\float3.h">
      <Filter>Libraries\MathGeoLib\Math</Filter>
    </ClInclude>
    <ClInclude Include="src\Libraries\MathGeoLib\Math\float3x3.h">
      <Filter>Libraries\MathGeoLib\Math</Filter>
    </ClInclude>
    <ClInclude Include="src\Libraries\MathGeoLib\Math\float3x4.h">
      <Filter>Libraries\MathGeoLib\Math</Filter>
    </ClInclude>
    <ClInclude Include="src\Libraries\MathGeoLib\Math\float4.h">
      <Filter>Libraries\MathGeoLib\Math</Filter>
    </ClInclude>
    <ClInclude Include="src\Libraries\MathGeoLib\Math\float4_neon.h">
      <Filter>Libraries\MathGeoLib\Math</Filter>
    </ClInclude>
    <ClInclude Include="src\Libraries\MathGeoLib\Math\float4_sse.h">
      <Filter>Libraries\MathGeoLib\Math</Filter>
    </ClInclude>
    <ClInclude Include="src\Libraries\MathGeoLib\Math\float4d.h">
      <Filter>Libraries\MathGeoLib\Math</Filter>
    </ClInclude>
    <ClInclude Include="src\Libraries\MathGeoLib\Math\float4x4.h">
      <Filter>Libraries\MathGeoLib\Math</Filter>
    </ClInclude>
    <ClInclude Include="src\Libraries\MathGeoLib\Math\float4x4_neon.h">
      <Filter>Libraries\MathGeoLib\Math</Filter>
    </ClInclude>
    <ClInclude Include="src\Libraries\MathGeoLib\Math\float4x4_sse.h">
      <Filter>Libraries\MathGeoLib\Math</Filter>
    </ClInclude>
    <ClInclude Include="src\Libraries\MathGeoLib\Math\FloatCmp.h">
      <Filter>Libraries\MathGeoLib\Math</Filter>
    </ClInclude>
    <ClInclude Include="src\Libraries\MathGeoLib\Math\grisu3.h">
      <Filter>Libraries\MathGeoLib\Math</Filter>
    </ClInclude>
    <ClInclude Include="src\Libraries\MathGeoLib\Math\InclWindows.h">
      <Filter>Libraries\MathGeoLib\Math</Filter>
    </ClInclude>
    <ClInclude Include="src\Libraries\MathGeoLib\Math\Interpolate.h">
      <Filter>Libraries\MathGeoLib\Math</Filter>
    </ClInclude>
    <ClInclude Include="src\Libraries\MathGeoLib\Math\MathAll.h">
      <Filter>Libraries\MathGeoLib\Math</Filter>
    </ClInclude>
    <ClInclude Include="src\Libraries\MathGeoLib\Math\MathConstants.h">
      <Filter>Libraries\MathGeoLib\Math</Filter>
    </ClInclude>
    <ClInclude Include="src\Libraries\MathGeoLib\Math\MathFunc.h">
      <Filter>Libraries\MathGeoLib\Math</Filter>
    </ClInclude>
    <ClInclude Include="src\Libraries\MathGeoLib\Math\MathLog.h">
      <Filter>Libraries\MathGeoLib\Math</Filter>
    </ClInclude>
    <ClInclude Include="src\Libraries\MathGeoLib\Math\MathNamespace.h">
      <Filter>Libraries\MathGeoLib\Math</Filter>
    </ClInclude>
    <ClInclude Include="src\Libraries\MathGeoLib\Math\MathTypes.h">
      <Filter>Libraries\MathGeoLib\Math</Filter>
    </ClInclude>
    <ClInclude Include="src\Libraries\MathGeoLib\Math\MatrixProxy.h">
      <Filter>Libraries\MathGeoLib\Math</Filter>
    </ClInclude>
    <ClInclude Include="src\Libraries\MathGeoLib\Math\MiniFloat.h">
      <Filter>Libraries\MathGeoLib\Math</Filter>
    </ClInclude>
    <ClInclude Include="src\Libraries\MathGeoLib\Math\MultiLineMacro.h">
      <Filter>Libraries\MathGeoLib\Math</Filter>
    </ClInclude>
    <ClInclude Include="src\Libraries\MathGeoLib\Math\myassert.h">
      <Filter>Libraries\MathGeoLib\Math</Filter>
    </ClInclude>
    <ClInclude Include="src\Libraries\MathGeoLib\Time\Clock.h">
      <Filter>Libraries\MathGeoLib\Time</Filter>
    </ClInclude>
    <ClInclude Include="src\ModuleScene.h">
      <Filter>src\Module</Filter>
    </ClInclude>
    <ClInclude Include="src\Mesh.h">
      <Filter>src</Filter>
    </ClInclude>
    <ClInclude Include="src\GameObject.h">
      <Filter>src</Filter>
    </ClInclude>
    <ClInclude Include="src\Component.h">
      <Filter>src</Filter>
    </ClInclude>
    <ClInclude Include="src\Transform.h">
      <Filter>src</Filter>
    </ClInclude>
  </ItemGroup>
  <ItemGroup>
    <Filter Include="Libraries">
      <UniqueIdentifier>{84740472-cd59-420a-8338-f4928ef513b5}</UniqueIdentifier>
    </Filter>
    <Filter Include="Libraries\Assimp">
      <UniqueIdentifier>{4267f58b-1a95-4690-ac45-88169836fcd1}</UniqueIdentifier>
    </Filter>
    <Filter Include="Libraries\Assimp\include">
      <UniqueIdentifier>{a1ac4a5e-07bb-4afc-8b14-2b5a9d13f0af}</UniqueIdentifier>
    </Filter>
    <Filter Include="Libraries\Assimp\include\assimp">
      <UniqueIdentifier>{91861699-5209-4f84-a1e3-aefa6d5de7f6}</UniqueIdentifier>
    </Filter>
    <Filter Include="Libraries\Assimp\include\assimp\Compiler">
      <UniqueIdentifier>{0b99a8bd-d3bd-4b57-b9f0-096d2f234d85}</UniqueIdentifier>
    </Filter>
    <Filter Include="Libraries\DevIL">
      <UniqueIdentifier>{98119892-af85-492b-9330-1c7177ed1c46}</UniqueIdentifier>
    </Filter>
    <Filter Include="Libraries\ImGui">
      <UniqueIdentifier>{e4506364-f794-4c30-8d07-417ef8e3d93c}</UniqueIdentifier>
    </Filter>
    <Filter Include="Libraries\MathGeoLib">
      <UniqueIdentifier>{8854b57d-ddb2-409d-ae83-218f56f86d38}</UniqueIdentifier>
    </Filter>
    <Filter Include="Libraries\MathGeoLib\Algorithm">
      <UniqueIdentifier>{39738a7a-1eed-4ee9-8d82-76315574d0e6}</UniqueIdentifier>
    </Filter>
    <Filter Include="Libraries\MathGeoLib\Algorithm\Random">
      <UniqueIdentifier>{6a184e86-a613-47b1-8df0-30dc1ac4288c}</UniqueIdentifier>
    </Filter>
    <Filter Include="Libraries\MathGeoLib\Geometry">
      <UniqueIdentifier>{16312ad0-dcf7-4177-b2ad-513d01382b08}</UniqueIdentifier>
    </Filter>
    <Filter Include="Libraries\MathGeoLib\Math">
      <UniqueIdentifier>{f17b7955-4612-481e-81a8-8e067cdeee9b}</UniqueIdentifier>
    </Filter>
    <Filter Include="Libraries\MathGeoLib\Time">
      <UniqueIdentifier>{c14785b7-70d5-4637-9496-ca71ed94fd63}</UniqueIdentifier>
    </Filter>
    <Filter Include="Libraries\MathGeoLib\emscripten">
      <UniqueIdentifier>{f91025f9-e473-4394-8484-3d6232aa86b5}</UniqueIdentifier>
    </Filter>
    <Filter Include="src">
      <UniqueIdentifier>{134c6dc1-8a0b-4442-8b38-88a49be5b338}</UniqueIdentifier>
    </Filter>
    <Filter Include="src\Main">
      <UniqueIdentifier>{5feaf842-ea11-482f-9b7b-dde7d2748ff2}</UniqueIdentifier>
    </Filter>
    <Filter Include="src\Module">
      <UniqueIdentifier>{cfb89837-841f-4999-aca9-e3f1ae1b2b72}</UniqueIdentifier>
    </Filter>
    <Filter Include="src\Shader">
      <UniqueIdentifier>{e6a3428d-4ad4-4d1c-b48e-a0b27d7b16d6}</UniqueIdentifier>
    </Filter>
    <Filter Include="src\Utils">
      <UniqueIdentifier>{01d6c87b-3a7e-43c0-aca6-b50e45b30231}</UniqueIdentifier>
    </Filter>
  </ItemGroup>
  <ItemGroup>
    <None Include="Game\Shaders\fragmentShader.glsl">
      <Filter>src\Shader</Filter>
    </None>
    <None Include="Game\Shaders\vertexShader.glsl">
      <Filter>src\Shader</Filter>
    </None>
    <None Include="Game\Shaders\Phong_FragmentShader.glsl">
      <Filter>src\Shader</Filter>
    </None>
    <None Include="Game\Shaders\Phong_VertexShader.glsl">
      <Filter>src\Shader</Filter>
    </None>
    <None Include="src\Libraries\Assimp\include\assimp\.editorconfig">
      <Filter>Libraries\Assimp\include\assimp</Filter>
    </None>
    <None Include="src\Libraries\Assimp\include\assimp\color4.inl">
      <Filter>Libraries\Assimp\include\assimp</Filter>
    </None>
    <None Include="src\Libraries\Assimp\include\assimp\config.h.in">
      <Filter>Libraries\Assimp\include\assimp</Filter>
    </None>
    <None Include="src\Libraries\Assimp\include\assimp\material.inl">
      <Filter>Libraries\Assimp\include\assimp</Filter>
    </None>
    <None Include="src\Libraries\Assimp\include\assimp\matrix3x3.inl">
      <Filter>Libraries\Assimp\include\assimp</Filter>
    </None>
    <None Include="src\Libraries\Assimp\include\assimp\matrix4x4.inl">
      <Filter>Libraries\Assimp\include\assimp</Filter>
    </None>
    <None Include="src\Libraries\Assimp\include\assimp\quaternion.inl">
      <Filter>Libraries\Assimp\include\assimp</Filter>
    </None>
    <None Include="src\Libraries\Assimp\include\assimp\SmoothingGroups.inl">
      <Filter>Libraries\Assimp\include\assimp</Filter>
    </None>
    <None Include="src\Libraries\Assimp\include\assimp\vector2.inl">
      <Filter>Libraries\Assimp\include\assimp</Filter>
    </None>
    <None Include="src\Libraries\Assimp\include\assimp\vector3.inl">
      <Filter>Libraries\Assimp\include\assimp</Filter>
    </None>
    <None Include="src\Libraries\MathGeoLib\Geometry\QuadTree.inl">
      <Filter>Libraries\MathGeoLib\Geometry</Filter>
    </None>
    <None Include="src\Libraries\MathGeoLib\Geometry\TriangleMesh_IntersectRay_AVX.inl">
      <Filter>Libraries\MathGeoLib\Geometry</Filter>
    </None>
    <None Include="src\Libraries\MathGeoLib\Geometry\TriangleMesh_IntersectRay_CPP.inl">
      <Filter>Libraries\MathGeoLib\Geometry</Filter>
    </None>
    <None Include="src\Libraries\MathGeoLib\Geometry\TriangleMesh_IntersectRay_SSE.inl">
      <Filter>Libraries\MathGeoLib\Geometry</Filter>
    </None>
    <None Include="src\Libraries\MathGeoLib\Geometry\KDTree.inl">
      <Filter>Libraries\MathGeoLib\Geometry</Filter>
    </None>
    <None Include="src\Libraries\MathGeoLib\Math\float2.inl">
      <Filter>Libraries\MathGeoLib\Math</Filter>
    </None>
    <None Include="src\Libraries\MathGeoLib\Math\Matrix.inl">
      <Filter>Libraries\MathGeoLib\Math</Filter>
    </None>
  </ItemGroup>
</Project>